{
    "_readme": [
        "This file locks the dependencies of your project to a known state",
        "Read more about it at https://getcomposer.org/doc/01-basic-usage.md#installing-dependencies",
        "This file is @generated automatically"
    ],
    "content-hash": "6588b2a86c52094d2583b1147de709e4",
    "packages": [
        {
            "name": "spatie/pdf-to-image",
            "version": "2.1.0",
            "source": {
                "type": "git",
                "url": "https://github.com/spatie/pdf-to-image.git",
                "reference": "ea81a2d5f4fb0ca9f4c4fc0d4f8813135e993b2d"
            },
            "dist": {
                "type": "zip",
                "url": "https://api.github.com/repos/spatie/pdf-to-image/zipball/ea81a2d5f4fb0ca9f4c4fc0d4f8813135e993b2d",
                "reference": "ea81a2d5f4fb0ca9f4c4fc0d4f8813135e993b2d",
                "shasum": ""
            },
            "require": {
                "ext-imagick": "*",
                "php": "^7.2|^8.0"
            },
            "require-dev": {
                "phpunit/phpunit": "^8.0|^9.0"
            },
            "type": "library",
            "autoload": {
                "psr-4": {
                    "Spatie\\PdfToImage\\": "src"
                }
            },
            "notification-url": "https://packagist.org/downloads/",
            "license": [
                "MIT"
            ],
            "authors": [
                {
                    "name": "Freek Van der Herten",
                    "email": "freek@spatie.be",
                    "homepage": "https://spatie.be",
                    "role": "Developer"
                }
            ],
            "description": "Convert a pdf to an image",
            "homepage": "https://github.com/spatie/pdf-to-image",
            "keywords": [
                "convert",
                "image",
                "pdf",
                "pdf-to-image",
                "spatie"
            ],
            "funding": [
                {
                    "url": "https://www.patreon.com/spatie",
                    "type": "patreon"
                }
            ],
            "time": "2020-11-12T11:27:19+00:00"
        }
    ],
    "packages-dev": [],
    "aliases": [],
    "minimum-stability": "stable",
    "stability-flags": [],
    "prefer-stable": false,
    "prefer-lowest": false,
    "platform": [],
    "platform-dev": [],
    "plugin-api-version": "1.1.0"
}
